<?xml version="1.0" encoding="utf-8"?>
<Project ToolsVersion="4.0" xmlns="http://schemas.microsoft.com/developer/msbuild/2003">
  <ItemGroup>
    <Filter Include="Source Files">
      <UniqueIdentifier>{4FC737F1-C7A5-4376-A066-2A32D752A2FF}</UniqueIdentifier>
      <Extensions>cpp;c;cc;cxx;def;odl;idl;hpj;bat;asm;asmx</Extensions>
    </Filter>
    <Filter Include="Header Files">
      <UniqueIdentifier>{93995380-89BD-4b04-88EB-625FBE52EBFB}</UniqueIdentifier>
      <Extensions>h;hh;hpp;hxx;hm;inl;inc;ipp;xsd</Extensions>
    </Filter>
    <Filter Include="Resource Files">
      <UniqueIdentifier>{67DA6AB6-F800-4c08-8B7A-83BB121AAD01}</UniqueIdentifier>
      <Extensions>rc;ico;cur;bmp;dlg;rc2;rct;bin;rgs;gif;jpg;jpeg;jpe;resx;tiff;tif;png;wav;mfcribbon-ms</Extensions>
    </Filter>
  </ItemGroup>
  <ItemGroup>
    <ClCompile Include="main.cpp">
      <Filter>Source Files</Filter>
    </ClCompile>
    <ClCompile Include="base.cpp">
      <Filter>Resource Files</Filter>
    </ClCompile>
    <ClCompile Include="intro.cpp">
      <Filter>Resource Files</Filter>
    </ClCompile>
    <ClCompile Include="menu.cpp">
      <Filter>Resource Files</Filter>
    </ClCompile>
    <ClCompile Include="about.cpp">
      <Filter>Resource Files</Filter>
    </ClCompile>
    <ClCompile Include="control.cpp">
      <Filter>Resource Files</Filter>
    </ClCompile>
    <ClCompile Include="console.cpp">
      <Filter>Resource Files</Filter>
    </ClCompile>
    <ClCompile Include="draw.cpp">
      <Filter>Resource Files</Filter>
    </ClCompile>
    <ClCompile Include="compute.cpp">
      <Filter>Resource Files</Filter>
    </ClCompile>
    <ClCompile Include="save.cpp">
      <Filter>Resource Files</Filter>
    </ClCompile>
    <ClCompile Include="load.cpp">
      <Filter>Resource Files</Filter>
    </ClCompile>
    <ClCompile Include="undo.cpp">
      <Filter>Resource Files</Filter>
    </ClCompile>
    <ClCompile Include="leaderboard.cpp">
      <Filter>Resource Files</Filter>
    </ClCompile>
    <ClCompile Include="pvp.cpp">
      <Filter>Resource Files</Filter>
    </ClCompile>
    <ClCompile Include="start.cpp">
      <Filter>Resource Files</Filter>
    </ClCompile>
    <ClCompile Include="pvc.cpp">
      <Filter>Resource Files</Filter>
    </ClCompile>
    <ClCompile Include="library.cpp">
      <Filter>Resource Files</Filter>
    </ClCompile>
    <ClCompile Include="bot.cpp">
      <Filter>Resource Files</Filter>
    </ClCompile>
    <ClCompile Include="option.cpp">
      <Filter>Resource Files</Filter>
    </ClCompile>
  </ItemGroup>
  <ItemGroup>
    <ClInclude Include="base.h">
      <Filter>Header Files</Filter>
    </ClInclude>
    <ClInclude Include="intro.h">
      <Filter>Header Files</Filter>
    </ClInclude>
    <ClInclude Include="menu.h">
      <Filter>Header Files</Filter>
    </ClInclude>
    <ClInclude Include="about.h">
      <Filter>Header Files</Filter>
    </ClInclude>
    <ClInclude Include="console.h">
      <Filter>Header Files</Filter>
    </ClInclude>
    <ClInclude Include="control.h">
      <Filter>Header Files</Filter>
    </ClInclude>
    <ClInclude Include="draw.h">
      <Filter>Header Files</Filter>
    </ClInclude>
    <ClInclude Include="compute.h">
      <Filter>Header Files</Filter>
    </ClInclude>
    <ClInclude Include="save.h">
      <Filter>Header Files</Filter>
    </ClInclude>
    <ClInclude Include="load.h">
      <Filter>Header Files</Filter>
    </ClInclude>
    <ClInclude Include="undo.h">
      <Filter>Header Files</Filter>
    </ClInclude>
    <ClInclude Include="leaderboard.h">
      <Filter>Header Files</Filter>
    </ClInclude>
    <ClInclude Include="pvp.h">
      <Filter>Header Files</Filter>
    </ClInclude>
    <ClInclude Include="start.h">
      <Filter>Header Files</Filter>
    </ClInclude>
    <ClInclude Include="pvc.h">
      <Filter>Header Files</Filter>
    </ClInclude>
    <ClInclude Include="library.h">
      <Filter>Header Files</Filter>
    </ClInclude>
    <ClInclude Include="bot.h">
      <Filter>Header Files</Filter>
    </ClInclude>
    <ClInclude Include="option.h">
      <Filter>Header Files</Filter>
    </ClInclude>
  </ItemGroup>
</Project>